// !$*UTF8*$!
{
	archiveVersion = 1;
	classes = {
	};
	objectVersion = 46;
	objects = {

/* Begin PBXBuildFile section */
		006D720419952D00008149E2 /* AVFoundation.framework in Frameworks */ = {isa = PBXBuildFile; fileRef = 006D720219952D00008149E2 /* AVFoundation.framework */; };
		006D720519952D00008149E2 /* CoreMedia.framework in Frameworks */ = {isa = PBXBuildFile; fileRef = 006D720319952D00008149E2 /* CoreMedia.framework */; };
		0091D8F90E81B9330029341E /* OpenGL.framework in Frameworks */ = {isa = PBXBuildFile; fileRef = 0091D8F80E81B9330029341E /* OpenGL.framework */; };
		00B784B30FF439BC000DE1D7 /* Accelerate.framework in Frameworks */ = {isa = PBXBuildFile; fileRef = 00B784AF0FF439BC000DE1D7 /* Accelerate.framework */; };
		00B784B40FF439BC000DE1D7 /* AudioToolbox.framework in Frameworks */ = {isa = PBXBuildFile; fileRef = 00B784B00FF439BC000DE1D7 /* AudioToolbox.framework */; };
		00B784B50FF439BC000DE1D7 /* AudioUnit.framework in Frameworks */ = {isa = PBXBuildFile; fileRef = 00B784B10FF439BC000DE1D7 /* AudioUnit.framework */; };
		00B784B60FF439BC000DE1D7 /* CoreAudio.framework in Frameworks */ = {isa = PBXBuildFile; fileRef = 00B784B20FF439BC000DE1D7 /* CoreAudio.framework */; };
		00B9955A1B128DF400A5C623 /* IOKit.framework in Frameworks */ = {isa = PBXBuildFile; fileRef = 00B995581B128DF400A5C623 /* IOKit.framework */; };
		00B9955B1B128DF400A5C623 /* IOSurface.framework in Frameworks */ = {isa = PBXBuildFile; fileRef = 00B995591B128DF400A5C623 /* IOSurface.framework */; };
		036291EBBB274D178BE12B43 /* CinderApp.icns in Resources */ = {isa = PBXBuildFile; fileRef = FECFA142AF1A4CF583EAA96C /* CinderApp.icns */; };
		5323E6B20EAFCA74003A9687 /* CoreVideo.framework in Frameworks */ = {isa = PBXBuildFile; fileRef = 5323E6B10EAFCA74003A9687 /* CoreVideo.framework */; };
		8D11072F0486CEB800E47090 /* Cocoa.framework in Frameworks */ = {isa = PBXBuildFile; fileRef = 1058C7A1FEA54F0111CA2CBB /* Cocoa.framework */; };
		CB202BAB1E40FC9C00E79AF7 /* list_ports_linux.cc in Sources */ = {isa = PBXBuildFile; fileRef = CB202BA31E40FC9C00E79AF7 /* list_ports_linux.cc */; };
		CB202BAC1E40FC9C00E79AF7 /* list_ports_osx.cc in Sources */ = {isa = PBXBuildFile; fileRef = CB202BA41E40FC9C00E79AF7 /* list_ports_osx.cc */; };
		CB202BAD1E40FC9C00E79AF7 /* list_ports_win.cc in Sources */ = {isa = PBXBuildFile; fileRef = CB202BA51E40FC9C00E79AF7 /* list_ports_win.cc */; };
		CB202BAE1E40FC9C00E79AF7 /* unix.cc in Sources */ = {isa = PBXBuildFile; fileRef = CB202BA61E40FC9C00E79AF7 /* unix.cc */; };
		CB202BAF1E40FC9C00E79AF7 /* win.cc in Sources */ = {isa = PBXBuildFile; fileRef = CB202BA71E40FC9C00E79AF7 /* win.cc */; };
		CB202BB01E40FC9C00E79AF7 /* serial.cc in Sources */ = {isa = PBXBuildFile; fileRef = CB202BA81E40FC9C00E79AF7 /* serial.cc */; };
		CB202BB11E40FC9C00E79AF7 /* SerialDevice.cpp in Sources */ = {isa = PBXBuildFile; fileRef = CB202BAA1E40FC9C00E79AF7 /* SerialDevice.cpp */; };
		CB202BB61E40FCE700E79AF7 /* Osc.cpp in Sources */ = {isa = PBXBuildFile; fileRef = CB202BB41E40FCE700E79AF7 /* Osc.cpp */; };
		CB37B3861E297897009FC93A /* ssIcn.icns in Resources */ = {isa = PBXBuildFile; fileRef = CB37B3851E297897009FC93A /* ssIcn.icns */; };
		CB39FC922048B5EE003ABCB5 /* DropDown.cpp in Sources */ = {isa = PBXBuildFile; fileRef = CB39FC912048B5EE003ABCB5 /* DropDown.cpp */; };
		CB49AA221E44F1A300820D70 /* ParticleSystem.cpp in Sources */ = {isa = PBXBuildFile; fileRef = CB49AA201E44F1A300820D70 /* ParticleSystem.cpp */; };
		CB675B9E1FCB5A3100AF05DA /* ToggleBtn.cpp in Sources */ = {isa = PBXBuildFile; fileRef = CB675B9D1FCB5A3100AF05DA /* ToggleBtn.cpp */; };
		CB93D34F2045BE16004D01EA /* SilverSprintsApp.cpp in Sources */ = {isa = PBXBuildFile; fileRef = CB93D34E2045BE16004D01EA /* SilverSprintsApp.cpp */; };
		CBF06EFD1C5011ED0064CC52 /* GFXMain.cpp in Sources */ = {isa = PBXBuildFile; fileRef = CBF06EE71C5011ED0064CC52 /* GFXMain.cpp */; };
		CBF06F001C5011ED0064CC52 /* Model.cpp in Sources */ = {isa = PBXBuildFile; fileRef = CBF06EEB1C5011ED0064CC52 /* Model.cpp */; };
		CBF06F011C5011ED0064CC52 /* SerialReader.cpp in Sources */ = {isa = PBXBuildFile; fileRef = CBF06EEC1C5011ED0064CC52 /* SerialReader.cpp */; };
		CBF06F021C5011ED0064CC52 /* StateManager.cpp in Sources */ = {isa = PBXBuildFile; fileRef = CBF06EED1C5011ED0064CC52 /* StateManager.cpp */; };
		CBF06F031C5011ED0064CC52 /* BaseButton.cpp in Sources */ = {isa = PBXBuildFile; fileRef = CBF06EEF1C5011ED0064CC52 /* BaseButton.cpp */; };
		CBF06F041C5011ED0064CC52 /* CiTextField.cpp in Sources */ = {isa = PBXBuildFile; fileRef = CBF06EF01C5011ED0064CC52 /* CiTextField.cpp */; };
		CBF06F051C5011ED0064CC52 /* CountDownGfx.cpp in Sources */ = {isa = PBXBuildFile; fileRef = CBF06EF11C5011ED0064CC52 /* CountDownGfx.cpp */; };
		CBF06F061C5011ED0064CC52 /* NumStepper.cpp in Sources */ = {isa = PBXBuildFile; fileRef = CBF06EF21C5011ED0064CC52 /* NumStepper.cpp */; };
		CBF06F081C5011ED0064CC52 /* RaceText.cpp in Sources */ = {isa = PBXBuildFile; fileRef = CBF06EF41C5011ED0064CC52 /* RaceText.cpp */; };
		CBF06F091C5011ED0064CC52 /* StartStopButton.cpp in Sources */ = {isa = PBXBuildFile; fileRef = CBF06EF51C5011ED0064CC52 /* StartStopButton.cpp */; };
		CBF06F0A1C5011ED0064CC52 /* ThickLine.cpp in Sources */ = {isa = PBXBuildFile; fileRef = CBF06EF61C5011ED0064CC52 /* ThickLine.cpp */; };
		CBF06F0B1C5011ED0064CC52 /* WinnerModal.cpp in Sources */ = {isa = PBXBuildFile; fileRef = CBF06EF71C5011ED0064CC52 /* WinnerModal.cpp */; };
		CBF06F0C1C5011ED0064CC52 /* NavBarView.cpp in Sources */ = {isa = PBXBuildFile; fileRef = CBF06EF91C5011ED0064CC52 /* NavBarView.cpp */; };
		CBF06F0D1C5011ED0064CC52 /* RaceView.cpp in Sources */ = {isa = PBXBuildFile; fileRef = CBF06EFA1C5011ED0064CC52 /* RaceView.cpp */; };
		CBF06F0E1C5011ED0064CC52 /* RosterView.cpp in Sources */ = {isa = PBXBuildFile; fileRef = CBF06EFB1C5011ED0064CC52 /* RosterView.cpp */; };
		CBF06F0F1C5011ED0064CC52 /* SettingsView.cpp in Sources */ = {isa = PBXBuildFile; fileRef = CBF06EFC1C5011ED0064CC52 /* SettingsView.cpp */; };
		CBF0F7501FBD3FCE00421F89 /* CheckBox.cpp in Sources */ = {isa = PBXBuildFile; fileRef = CBF0F74F1FBD3FCE00421F89 /* CheckBox.cpp */; };
/* End PBXBuildFile section */

/* Begin PBXFileReference section */
		006D720219952D00008149E2 /* AVFoundation.framework */ = {isa = PBXFileReference; lastKnownFileType = wrapper.framework; name = AVFoundation.framework; path = System/Library/Frameworks/AVFoundation.framework; sourceTree = SDKROOT; };
		006D720319952D00008149E2 /* CoreMedia.framework */ = {isa = PBXFileReference; lastKnownFileType = wrapper.framework; name = CoreMedia.framework; path = System/Library/Frameworks/CoreMedia.framework; sourceTree = SDKROOT; };
		0091D8F80E81B9330029341E /* OpenGL.framework */ = {isa = PBXFileReference; lastKnownFileType = wrapper.framework; name = OpenGL.framework; path = /System/Library/Frameworks/OpenGL.framework; sourceTree = "<absolute>"; };
		00B784AF0FF439BC000DE1D7 /* Accelerate.framework */ = {isa = PBXFileReference; lastKnownFileType = wrapper.framework; name = Accelerate.framework; path = System/Library/Frameworks/Accelerate.framework; sourceTree = SDKROOT; };
		00B784B00FF439BC000DE1D7 /* AudioToolbox.framework */ = {isa = PBXFileReference; lastKnownFileType = wrapper.framework; name = AudioToolbox.framework; path = System/Library/Frameworks/AudioToolbox.framework; sourceTree = SDKROOT; };
		00B784B10FF439BC000DE1D7 /* AudioUnit.framework */ = {isa = PBXFileReference; lastKnownFileType = wrapper.framework; name = AudioUnit.framework; path = System/Library/Frameworks/AudioUnit.framework; sourceTree = SDKROOT; };
		00B784B20FF439BC000DE1D7 /* CoreAudio.framework */ = {isa = PBXFileReference; lastKnownFileType = wrapper.framework; name = CoreAudio.framework; path = System/Library/Frameworks/CoreAudio.framework; sourceTree = SDKROOT; };
		00B995581B128DF400A5C623 /* IOKit.framework */ = {isa = PBXFileReference; lastKnownFileType = wrapper.framework; name = IOKit.framework; path = System/Library/Frameworks/IOKit.framework; sourceTree = SDKROOT; };
		00B995591B128DF400A5C623 /* IOSurface.framework */ = {isa = PBXFileReference; lastKnownFileType = wrapper.framework; name = IOSurface.framework; path = System/Library/Frameworks/IOSurface.framework; sourceTree = SDKROOT; };
		1058C7A1FEA54F0111CA2CBB /* Cocoa.framework */ = {isa = PBXFileReference; lastKnownFileType = wrapper.framework; name = Cocoa.framework; path = /System/Library/Frameworks/Cocoa.framework; sourceTree = "<absolute>"; };
		29B97324FDCFA39411CA2CEA /* AppKit.framework */ = {isa = PBXFileReference; lastKnownFileType = wrapper.framework; name = AppKit.framework; path = /System/Library/Frameworks/AppKit.framework; sourceTree = "<absolute>"; };
		29B97325FDCFA39411CA2CEA /* Foundation.framework */ = {isa = PBXFileReference; lastKnownFileType = wrapper.framework; name = Foundation.framework; path = /System/Library/Frameworks/Foundation.framework; sourceTree = "<absolute>"; };
		5323E6B10EAFCA74003A9687 /* CoreVideo.framework */ = {isa = PBXFileReference; lastKnownFileType = wrapper.framework; name = CoreVideo.framework; path = /System/Library/Frameworks/CoreVideo.framework; sourceTree = "<absolute>"; };
		80018D0C1B264B72BC049A58 /* Info.plist */ = {isa = PBXFileReference; lastKnownFileType = text.plist.xml; path = Info.plist; sourceTree = "<group>"; };
		8D1107320486CEB800E47090 /* SilverSprint.app */ = {isa = PBXFileReference; explicitFileType = wrapper.application; includeInIndex = 0; path = SilverSprint.app; sourceTree = BUILT_PRODUCTS_DIR; };
		93DBD9EB55F645B3AFFFA902 /* SilverSprint_Prefix.pch */ = {isa = PBXFileReference; lastKnownFileType = "\"\""; path = SilverSprint_Prefix.pch; sourceTree = "<group>"; };
		AB83C7261DCB490F91604036 /* Resources.h */ = {isa = PBXFileReference; lastKnownFileType = sourcecode.c.h; name = Resources.h; path = ../include/Resources.h; sourceTree = "<group>"; };
		CB202B951E40FC8F00E79AF7 /* Cinder-Serial.h */ = {isa = PBXFileReference; fileEncoding = 4; lastKnownFileType = sourcecode.c.h; path = "Cinder-Serial.h"; sourceTree = "<group>"; };
		CB202B961E40FC8F00E79AF7 /* SerialDevice.h */ = {isa = PBXFileReference; fileEncoding = 4; lastKnownFileType = sourcecode.c.h; path = SerialDevice.h; sourceTree = "<group>"; };
		CB202B9C1E40FC9C00E79AF7 /* unix.h */ = {isa = PBXFileReference; fileEncoding = 4; lastKnownFileType = sourcecode.c.h; path = unix.h; sourceTree = "<group>"; };
		CB202B9D1E40FC9C00E79AF7 /* win.h */ = {isa = PBXFileReference; fileEncoding = 4; lastKnownFileType = sourcecode.c.h; path = win.h; sourceTree = "<group>"; };
		CB202B9E1E40FC9C00E79AF7 /* serial.h */ = {isa = PBXFileReference; fileEncoding = 4; lastKnownFileType = sourcecode.c.h; path = serial.h; sourceTree = "<group>"; };
		CB202B9F1E40FC9C00E79AF7 /* v8stdint.h */ = {isa = PBXFileReference; fileEncoding = 4; lastKnownFileType = sourcecode.c.h; path = v8stdint.h; sourceTree = "<group>"; };
		CB202BA31E40FC9C00E79AF7 /* list_ports_linux.cc */ = {isa = PBXFileReference; fileEncoding = 4; lastKnownFileType = sourcecode.cpp.cpp; path = list_ports_linux.cc; sourceTree = "<group>"; };
		CB202BA41E40FC9C00E79AF7 /* list_ports_osx.cc */ = {isa = PBXFileReference; fileEncoding = 4; lastKnownFileType = sourcecode.cpp.cpp; path = list_ports_osx.cc; sourceTree = "<group>"; };
		CB202BA51E40FC9C00E79AF7 /* list_ports_win.cc */ = {isa = PBXFileReference; fileEncoding = 4; lastKnownFileType = sourcecode.cpp.cpp; path = list_ports_win.cc; sourceTree = "<group>"; };
		CB202BA61E40FC9C00E79AF7 /* unix.cc */ = {isa = PBXFileReference; fileEncoding = 4; lastKnownFileType = sourcecode.cpp.cpp; path = unix.cc; sourceTree = "<group>"; };
		CB202BA71E40FC9C00E79AF7 /* win.cc */ = {isa = PBXFileReference; fileEncoding = 4; lastKnownFileType = sourcecode.cpp.cpp; path = win.cc; sourceTree = "<group>"; };
		CB202BA81E40FC9C00E79AF7 /* serial.cc */ = {isa = PBXFileReference; fileEncoding = 4; lastKnownFileType = sourcecode.cpp.cpp; path = serial.cc; sourceTree = "<group>"; };
		CB202BAA1E40FC9C00E79AF7 /* SerialDevice.cpp */ = {isa = PBXFileReference; fileEncoding = 4; lastKnownFileType = sourcecode.cpp.cpp; path = SerialDevice.cpp; sourceTree = "<group>"; };
		CB202BB41E40FCE700E79AF7 /* Osc.cpp */ = {isa = PBXFileReference; fileEncoding = 4; lastKnownFileType = sourcecode.cpp.cpp; path = Osc.cpp; sourceTree = "<group>"; };
		CB202BB51E40FCE700E79AF7 /* Osc.h */ = {isa = PBXFileReference; fileEncoding = 4; lastKnownFileType = sourcecode.c.h; path = Osc.h; sourceTree = "<group>"; };
		CB37B37C1E296064009FC93A /* BaseButton.h */ = {isa = PBXFileReference; lastKnownFileType = sourcecode.c.h; path = BaseButton.h; sourceTree = "<group>"; };
		CB37B37D1E296064009FC93A /* CiTextField.h */ = {isa = PBXFileReference; lastKnownFileType = sourcecode.c.h; path = CiTextField.h; sourceTree = "<group>"; };
		CB37B37E1E296064009FC93A /* CountDownGfx.h */ = {isa = PBXFileReference; lastKnownFileType = sourcecode.c.h; path = CountDownGfx.h; sourceTree = "<group>"; };
		CB37B37F1E296064009FC93A /* NumStepper.h */ = {isa = PBXFileReference; lastKnownFileType = sourcecode.c.h; path = NumStepper.h; sourceTree = "<group>"; };
		CB37B3811E296064009FC93A /* RaceText.h */ = {isa = PBXFileReference; lastKnownFileType = sourcecode.c.h; path = RaceText.h; sourceTree = "<group>"; };
		CB37B3821E296064009FC93A /* StartStopButton.h */ = {isa = PBXFileReference; lastKnownFileType = sourcecode.c.h; path = StartStopButton.h; sourceTree = "<group>"; };
		CB37B3831E296064009FC93A /* ThickLine.h */ = {isa = PBXFileReference; lastKnownFileType = sourcecode.c.h; path = ThickLine.h; sourceTree = "<group>"; };
		CB37B3841E296064009FC93A /* WinnerModal.h */ = {isa = PBXFileReference; lastKnownFileType = sourcecode.c.h; path = WinnerModal.h; sourceTree = "<group>"; };
		CB37B3851E297897009FC93A /* ssIcn.icns */ = {isa = PBXFileReference; lastKnownFileType = image.icns; name = ssIcn.icns; path = ../resources/ssIcn.icns; sourceTree = "<group>"; };
		CB39FC8F204898E1003ABCB5 /* Utils.h */ = {isa = PBXFileReference; lastKnownFileType = sourcecode.c.h; name = Utils.h; path = ../blocks/Sharkbox/tools/Utils.h; sourceTree = "<group>"; };
		CB39FC902048B5E4003ABCB5 /* DropDown.h */ = {isa = PBXFileReference; lastKnownFileType = sourcecode.c.h; path = DropDown.h; sourceTree = "<group>"; };
		CB39FC912048B5EE003ABCB5 /* DropDown.cpp */ = {isa = PBXFileReference; fileEncoding = 4; lastKnownFileType = sourcecode.cpp.cpp; path = DropDown.cpp; sourceTree = "<group>"; };
		CB49AA201E44F1A300820D70 /* ParticleSystem.cpp */ = {isa = PBXFileReference; fileEncoding = 4; lastKnownFileType = sourcecode.cpp.cpp; path = ParticleSystem.cpp; sourceTree = "<group>"; };
		CB49AA211E44F1A300820D70 /* ParticleSystem.h */ = {isa = PBXFileReference; fileEncoding = 4; lastKnownFileType = sourcecode.c.h; path = ParticleSystem.h; sourceTree = "<group>"; };
		CB628DD120158AB3008FC730 /* Version.h */ = {isa = PBXFileReference; lastKnownFileType = sourcecode.c.h; name = Version.h; path = ../include/Version.h; sourceTree = "<group>"; };
		CB675B9D1FCB5A3100AF05DA /* ToggleBtn.cpp */ = {isa = PBXFileReference; fileEncoding = 4; lastKnownFileType = sourcecode.cpp.cpp; path = ToggleBtn.cpp; sourceTree = "<group>"; };
		CB675B9F1FCB5A3E00AF05DA /* ToggleBtn.h */ = {isa = PBXFileReference; lastKnownFileType = sourcecode.c.h; path = ToggleBtn.h; sourceTree = "<group>"; };
		CB675BA01FCD16D200AF05DA /* Config.h */ = {isa = PBXFileReference; lastKnownFileType = sourcecode.c.h; path = Config.h; sourceTree = "<group>"; };
		CB6D5B762017F9EF008D7EE2 /* CsvLogger.h */ = {isa = PBXFileReference; lastKnownFileType = sourcecode.c.h; path = CsvLogger.h; sourceTree = "<group>"; };
		CB93D34E2045BE16004D01EA /* SilverSprintsApp.cpp */ = {isa = PBXFileReference; fileEncoding = 4; lastKnownFileType = sourcecode.cpp.cpp; name = SilverSprintsApp.cpp; path = ../src/SilverSprintsApp.cpp; sourceTree = "<group>"; };
		CBF06EE71C5011ED0064CC52 /* GFXMain.cpp */ = {isa = PBXFileReference; fileEncoding = 4; lastKnownFileType = sourcecode.cpp.cpp; path = GFXMain.cpp; sourceTree = "<group>"; };
		CBF06EEB1C5011ED0064CC52 /* Model.cpp */ = {isa = PBXFileReference; fileEncoding = 4; lastKnownFileType = sourcecode.cpp.cpp; path = Model.cpp; sourceTree = "<group>"; };
		CBF06EEC1C5011ED0064CC52 /* SerialReader.cpp */ = {isa = PBXFileReference; fileEncoding = 4; lastKnownFileType = sourcecode.cpp.cpp; path = SerialReader.cpp; sourceTree = "<group>"; };
		CBF06EED1C5011ED0064CC52 /* StateManager.cpp */ = {isa = PBXFileReference; fileEncoding = 4; lastKnownFileType = sourcecode.cpp.cpp; path = StateManager.cpp; sourceTree = "<group>"; };
		CBF06EEF1C5011ED0064CC52 /* BaseButton.cpp */ = {isa = PBXFileReference; fileEncoding = 4; lastKnownFileType = sourcecode.cpp.cpp; path = BaseButton.cpp; sourceTree = "<group>"; };
		CBF06EF01C5011ED0064CC52 /* CiTextField.cpp */ = {isa = PBXFileReference; fileEncoding = 4; lastKnownFileType = sourcecode.cpp.cpp; path = CiTextField.cpp; sourceTree = "<group>"; };
		CBF06EF11C5011ED0064CC52 /* CountDownGfx.cpp */ = {isa = PBXFileReference; fileEncoding = 4; lastKnownFileType = sourcecode.cpp.cpp; path = CountDownGfx.cpp; sourceTree = "<group>"; };
		CBF06EF21C5011ED0064CC52 /* NumStepper.cpp */ = {isa = PBXFileReference; fileEncoding = 4; lastKnownFileType = sourcecode.cpp.cpp; path = NumStepper.cpp; sourceTree = "<group>"; };
		CBF06EF41C5011ED0064CC52 /* RaceText.cpp */ = {isa = PBXFileReference; fileEncoding = 4; lastKnownFileType = sourcecode.cpp.cpp; path = RaceText.cpp; sourceTree = "<group>"; };
		CBF06EF51C5011ED0064CC52 /* StartStopButton.cpp */ = {isa = PBXFileReference; fileEncoding = 4; lastKnownFileType = sourcecode.cpp.cpp; path = StartStopButton.cpp; sourceTree = "<group>"; };
		CBF06EF61C5011ED0064CC52 /* ThickLine.cpp */ = {isa = PBXFileReference; fileEncoding = 4; lastKnownFileType = sourcecode.cpp.cpp; path = ThickLine.cpp; sourceTree = "<group>"; };
		CBF06EF71C5011ED0064CC52 /* WinnerModal.cpp */ = {isa = PBXFileReference; fileEncoding = 4; lastKnownFileType = sourcecode.cpp.cpp; path = WinnerModal.cpp; sourceTree = "<group>"; };
		CBF06EF91C5011ED0064CC52 /* NavBarView.cpp */ = {isa = PBXFileReference; fileEncoding = 4; lastKnownFileType = sourcecode.cpp.cpp; path = NavBarView.cpp; sourceTree = "<group>"; };
		CBF06EFA1C5011ED0064CC52 /* RaceView.cpp */ = {isa = PBXFileReference; fileEncoding = 4; lastKnownFileType = sourcecode.cpp.cpp; path = RaceView.cpp; sourceTree = "<group>"; };
		CBF06EFB1C5011ED0064CC52 /* RosterView.cpp */ = {isa = PBXFileReference; fileEncoding = 4; lastKnownFileType = sourcecode.cpp.cpp; path = RosterView.cpp; sourceTree = "<group>"; };
		CBF06EFC1C5011ED0064CC52 /* SettingsView.cpp */ = {isa = PBXFileReference; fileEncoding = 4; lastKnownFileType = sourcecode.cpp.cpp; path = SettingsView.cpp; sourceTree = "<group>"; };
		CBF06F111C5012070064CC52 /* GFXMain.h */ = {isa = PBXFileReference; fileEncoding = 4; lastKnownFileType = sourcecode.c.h; path = GFXMain.h; sourceTree = "<group>"; };
		CBF06F151C5012070064CC52 /* Model.h */ = {isa = PBXFileReference; fileEncoding = 4; lastKnownFileType = sourcecode.c.h; path = Model.h; sourceTree = "<group>"; };
		CBF06F161C5012070064CC52 /* PlayerData.h */ = {isa = PBXFileReference; fileEncoding = 4; lastKnownFileType = sourcecode.c.h; path = PlayerData.h; sourceTree = "<group>"; };
		CBF06F171C5012070064CC52 /* SerialReader.h */ = {isa = PBXFileReference; fileEncoding = 4; lastKnownFileType = sourcecode.c.h; path = SerialReader.h; sourceTree = "<group>"; };
		CBF06F181C5012070064CC52 /* StateManager.h */ = {isa = PBXFileReference; fileEncoding = 4; lastKnownFileType = sourcecode.c.h; path = StateManager.h; sourceTree = "<group>"; };
		CBF06F241C5012070064CC52 /* NavBarView.h */ = {isa = PBXFileReference; fileEncoding = 4; lastKnownFileType = sourcecode.c.h; path = NavBarView.h; sourceTree = "<group>"; };
		CBF06F251C5012070064CC52 /* RaceView.h */ = {isa = PBXFileReference; fileEncoding = 4; lastKnownFileType = sourcecode.c.h; path = RaceView.h; sourceTree = "<group>"; };
		CBF06F261C5012070064CC52 /* RosterView.h */ = {isa = PBXFileReference; fileEncoding = 4; lastKnownFileType = sourcecode.c.h; path = RosterView.h; sourceTree = "<group>"; };
		CBF06F271C5012070064CC52 /* SettingsView.h */ = {isa = PBXFileReference; fileEncoding = 4; lastKnownFileType = sourcecode.c.h; path = SettingsView.h; sourceTree = "<group>"; };
		CBF0F74E1FBD3FC200421F89 /* CheckBox.h */ = {isa = PBXFileReference; lastKnownFileType = sourcecode.c.h; path = CheckBox.h; sourceTree = "<group>"; };
		CBF0F74F1FBD3FCE00421F89 /* CheckBox.cpp */ = {isa = PBXFileReference; fileEncoding = 4; lastKnownFileType = sourcecode.cpp.cpp; path = CheckBox.cpp; sourceTree = "<group>"; };
		FECFA142AF1A4CF583EAA96C /* CinderApp.icns */ = {isa = PBXFileReference; lastKnownFileType = image.icns; name = CinderApp.icns; path = ../resources/CinderApp.icns; sourceTree = "<group>"; };
/* End PBXFileReference section */

/* Begin PBXFrameworksBuildPhase section */
		8D11072E0486CEB800E47090 /* Frameworks */ = {
			isa = PBXFrameworksBuildPhase;
			buildActionMask = 2147483647;
			files = (
				006D720419952D00008149E2 /* AVFoundation.framework in Frameworks */,
				006D720519952D00008149E2 /* CoreMedia.framework in Frameworks */,
				8D11072F0486CEB800E47090 /* Cocoa.framework in Frameworks */,
				0091D8F90E81B9330029341E /* OpenGL.framework in Frameworks */,
				5323E6B20EAFCA74003A9687 /* CoreVideo.framework in Frameworks */,
				00B784B30FF439BC000DE1D7 /* Accelerate.framework in Frameworks */,
				00B784B40FF439BC000DE1D7 /* AudioToolbox.framework in Frameworks */,
				00B784B50FF439BC000DE1D7 /* AudioUnit.framework in Frameworks */,
				00B784B60FF439BC000DE1D7 /* CoreAudio.framework in Frameworks */,
				00B9955A1B128DF400A5C623 /* IOKit.framework in Frameworks */,
				00B9955B1B128DF400A5C623 /* IOSurface.framework in Frameworks */,
			);
			runOnlyForDeploymentPostprocessing = 0;
		};
/* End PBXFrameworksBuildPhase section */

/* Begin PBXGroup section */
		01B97315FEAEA392516A2CEA /* Blocks */ = {
			isa = PBXGroup;
			children = (
				CB39FC8D204898CC003ABCB5 /* Sharkbox */,
				CB49AA1F1E44F1A300820D70 /* ParticleSystem */,
				CB202B931E40FC7900E79AF7 /* Cinder-Serial */,
				87961E75141E4E46957E5344 /* OSC */,
			);
			name = Blocks;
			sourceTree = "<group>";
		};
		080E96DDFE201D6D7F000001 /* Source */ = {
			isa = PBXGroup;
			children = (
				CB93D34E2045BE16004D01EA /* SilverSprintsApp.cpp */,
				CBF06EE61C5011ED0064CC52 /* app */,
				CBF06EE91C5011ED0064CC52 /* data */,
				CBF06EEE1C5011ED0064CC52 /* ui */,
				CBF06EF81C5011ED0064CC52 /* views */,
			);
			name = Source;
			sourceTree = "<group>";
		};
		1058C7A0FEA54F0111CA2CBB /* Linked Frameworks */ = {
			isa = PBXGroup;
			children = (
				006D720219952D00008149E2 /* AVFoundation.framework */,
				006D720319952D00008149E2 /* CoreMedia.framework */,
				00B784AF0FF439BC000DE1D7 /* Accelerate.framework */,
				00B784B00FF439BC000DE1D7 /* AudioToolbox.framework */,
				00B784B10FF439BC000DE1D7 /* AudioUnit.framework */,
				00B784B20FF439BC000DE1D7 /* CoreAudio.framework */,
				5323E6B10EAFCA74003A9687 /* CoreVideo.framework */,
				0091D8F80E81B9330029341E /* OpenGL.framework */,
				1058C7A1FEA54F0111CA2CBB /* Cocoa.framework */,
				00B995581B128DF400A5C623 /* IOKit.framework */,
				00B995591B128DF400A5C623 /* IOSurface.framework */,
			);
			name = "Linked Frameworks";
			sourceTree = "<group>";
		};
		1058C7A2FEA54F0111CA2CBB /* Other Frameworks */ = {
			isa = PBXGroup;
			children = (
				29B97324FDCFA39411CA2CEA /* AppKit.framework */,
				29B97325FDCFA39411CA2CEA /* Foundation.framework */,
			);
			name = "Other Frameworks";
			sourceTree = "<group>";
		};
		19C28FACFE9D520D11CA2CBB /* Products */ = {
			isa = PBXGroup;
			children = (
				8D1107320486CEB800E47090 /* SilverSprint.app */,
			);
			name = Products;
			sourceTree = "<group>";
		};
		29B97314FDCFA39411CA2CEA /* SilverSprint */ = {
			isa = PBXGroup;
			children = (
				01B97315FEAEA392516A2CEA /* Blocks */,
				29B97315FDCFA39411CA2CEA /* Headers */,
				080E96DDFE201D6D7F000001 /* Source */,
				29B97317FDCFA39411CA2CEA /* Resources */,
				29B97323FDCFA39411CA2CEA /* Frameworks */,
				19C28FACFE9D520D11CA2CBB /* Products */,
			);
			name = SilverSprint;
			sourceTree = "<group>";
		};
		29B97315FDCFA39411CA2CEA /* Headers */ = {
			isa = PBXGroup;
			children = (
				CB628DD120158AB3008FC730 /* Version.h */,
				CBF06F101C5012070064CC52 /* app */,
				CBF06F131C5012070064CC52 /* data */,
				CBF06F191C5012070064CC52 /* ui */,
				CBF06F231C5012070064CC52 /* views */,
				AB83C7261DCB490F91604036 /* Resources.h */,
				93DBD9EB55F645B3AFFFA902 /* SilverSprint_Prefix.pch */,
			);
			name = Headers;
			sourceTree = "<group>";
		};
		29B97317FDCFA39411CA2CEA /* Resources */ = {
			isa = PBXGroup;
			children = (
				CB37B3851E297897009FC93A /* ssIcn.icns */,
				FECFA142AF1A4CF583EAA96C /* CinderApp.icns */,
				80018D0C1B264B72BC049A58 /* Info.plist */,
			);
			name = Resources;
			sourceTree = "<group>";
		};
		29B97323FDCFA39411CA2CEA /* Frameworks */ = {
			isa = PBXGroup;
			children = (
				1058C7A0FEA54F0111CA2CBB /* Linked Frameworks */,
				1058C7A2FEA54F0111CA2CBB /* Other Frameworks */,
			);
			name = Frameworks;
			sourceTree = "<group>";
		};
		87961E75141E4E46957E5344 /* OSC */ = {
			isa = PBXGroup;
			children = (
				9599BAA53E364633AF350B4B /* src */,
			);
			name = OSC;
			sourceTree = "<group>";
		};
		9599BAA53E364633AF350B4B /* src */ = {
			isa = PBXGroup;
			children = (
				CB202BB21E40FCE700E79AF7 /* cinder */,
			);
			name = src;
			sourceTree = "<group>";
		};
		CB202B931E40FC7900E79AF7 /* Cinder-Serial */ = {
			isa = PBXGroup;
			children = (
				CB202B971E40FC9C00E79AF7 /* lib */,
				CB202BA91E40FC9C00E79AF7 /* src */,
				CB202B941E40FC8F00E79AF7 /* include */,
			);
			name = "Cinder-Serial";
			sourceTree = "<group>";
		};
		CB202B941E40FC8F00E79AF7 /* include */ = {
			isa = PBXGroup;
			children = (
				CB202B951E40FC8F00E79AF7 /* Cinder-Serial.h */,
				CB202B961E40FC8F00E79AF7 /* SerialDevice.h */,
			);
			name = include;
			path = ../blocks/Serial/include;
			sourceTree = "<group>";
		};
		CB202B971E40FC9C00E79AF7 /* lib */ = {
			isa = PBXGroup;
			children = (
				CB202B981E40FC9C00E79AF7 /* serial */,
			);
			name = lib;
			path = ../blocks/Serial/lib;
			sourceTree = "<group>";
		};
		CB202B981E40FC9C00E79AF7 /* serial */ = {
			isa = PBXGroup;
			children = (
				CB202B991E40FC9C00E79AF7 /* include */,
				CB202BA01E40FC9C00E79AF7 /* src */,
			);
			path = serial;
			sourceTree = "<group>";
		};
		CB202B991E40FC9C00E79AF7 /* include */ = {
			isa = PBXGroup;
			children = (
				CB202B9A1E40FC9C00E79AF7 /* serial */,
			);
			path = include;
			sourceTree = "<group>";
		};
		CB202B9A1E40FC9C00E79AF7 /* serial */ = {
			isa = PBXGroup;
			children = (
				CB202B9B1E40FC9C00E79AF7 /* impl */,
				CB202B9E1E40FC9C00E79AF7 /* serial.h */,
				CB202B9F1E40FC9C00E79AF7 /* v8stdint.h */,
			);
			path = serial;
			sourceTree = "<group>";
		};
		CB202B9B1E40FC9C00E79AF7 /* impl */ = {
			isa = PBXGroup;
			children = (
				CB202B9C1E40FC9C00E79AF7 /* unix.h */,
				CB202B9D1E40FC9C00E79AF7 /* win.h */,
			);
			path = impl;
			sourceTree = "<group>";
		};
		CB202BA01E40FC9C00E79AF7 /* src */ = {
			isa = PBXGroup;
			children = (
				CB202BA11E40FC9C00E79AF7 /* impl */,
				CB202BA81E40FC9C00E79AF7 /* serial.cc */,
			);
			path = src;
			sourceTree = "<group>";
		};
		CB202BA11E40FC9C00E79AF7 /* impl */ = {
			isa = PBXGroup;
			children = (
				CB202BA21E40FC9C00E79AF7 /* list_ports */,
				CB202BA61E40FC9C00E79AF7 /* unix.cc */,
				CB202BA71E40FC9C00E79AF7 /* win.cc */,
			);
			path = impl;
			sourceTree = "<group>";
		};
		CB202BA21E40FC9C00E79AF7 /* list_ports */ = {
			isa = PBXGroup;
			children = (
				CB202BA31E40FC9C00E79AF7 /* list_ports_linux.cc */,
				CB202BA41E40FC9C00E79AF7 /* list_ports_osx.cc */,
				CB202BA51E40FC9C00E79AF7 /* list_ports_win.cc */,
			);
			path = list_ports;
			sourceTree = "<group>";
		};
		CB202BA91E40FC9C00E79AF7 /* src */ = {
			isa = PBXGroup;
			children = (
				CB202BAA1E40FC9C00E79AF7 /* SerialDevice.cpp */,
			);
			name = src;
			path = ../blocks/Serial/src;
			sourceTree = "<group>";
		};
		CB202BB21E40FCE700E79AF7 /* cinder */ = {
			isa = PBXGroup;
			children = (
				CB202BB31E40FCE700E79AF7 /* osc */,
			);
			name = cinder;
			path = ../blocks/OSC/src/cinder;
			sourceTree = "<group>";
		};
		CB202BB31E40FCE700E79AF7 /* osc */ = {
			isa = PBXGroup;
			children = (
				CB202BB41E40FCE700E79AF7 /* Osc.cpp */,
				CB202BB51E40FCE700E79AF7 /* Osc.h */,
			);
			path = osc;
			sourceTree = "<group>";
		};
		CB39FC8D204898CC003ABCB5 /* Sharkbox */ = {
			isa = PBXGroup;
			children = (
				CB39FC8E204898D2003ABCB5 /* tools */,
			);
			name = Sharkbox;
			sourceTree = "<group>";
		};
		CB39FC8E204898D2003ABCB5 /* tools */ = {
			isa = PBXGroup;
			children = (
				CB39FC8F204898E1003ABCB5 /* Utils.h */,
			);
			name = tools;
			sourceTree = "<group>";
		};
		CB49AA1F1E44F1A300820D70 /* ParticleSystem */ = {
			isa = PBXGroup;
			children = (
				CB49AA201E44F1A300820D70 /* ParticleSystem.cpp */,
				CB49AA211E44F1A300820D70 /* ParticleSystem.h */,
			);
			name = ParticleSystem;
			path = ../blocks/ParticleSystem;
			sourceTree = "<group>";
		};
		CBF06EE61C5011ED0064CC52 /* app */ = {
			isa = PBXGroup;
			children = (
				CBF06EE71C5011ED0064CC52 /* GFXMain.cpp */,
			);
			name = app;
			path = ../src/app;
			sourceTree = "<group>";
		};
		CBF06EE91C5011ED0064CC52 /* data */ = {
			isa = PBXGroup;
			children = (
				CBF06EEB1C5011ED0064CC52 /* Model.cpp */,
				CBF06EEC1C5011ED0064CC52 /* SerialReader.cpp */,
				CBF06EED1C5011ED0064CC52 /* StateManager.cpp */,
			);
			name = data;
			path = ../src/data;
			sourceTree = "<group>";
		};
		CBF06EEE1C5011ED0064CC52 /* ui */ = {
			isa = PBXGroup;
			children = (
				CB39FC912048B5EE003ABCB5 /* DropDown.cpp */,
				CBF0F74F1FBD3FCE00421F89 /* CheckBox.cpp */,
				CBF06EEF1C5011ED0064CC52 /* BaseButton.cpp */,
				CBF06EF01C5011ED0064CC52 /* CiTextField.cpp */,
				CBF06EF11C5011ED0064CC52 /* CountDownGfx.cpp */,
				CBF06EF21C5011ED0064CC52 /* NumStepper.cpp */,
				CBF06EF41C5011ED0064CC52 /* RaceText.cpp */,
				CBF06EF51C5011ED0064CC52 /* StartStopButton.cpp */,
				CBF06EF61C5011ED0064CC52 /* ThickLine.cpp */,
				CB675B9D1FCB5A3100AF05DA /* ToggleBtn.cpp */,
				CBF06EF71C5011ED0064CC52 /* WinnerModal.cpp */,
			);
			name = ui;
			path = ../src/ui;
			sourceTree = "<group>";
		};
		CBF06EF81C5011ED0064CC52 /* views */ = {
			isa = PBXGroup;
			children = (
				CBF06EF91C5011ED0064CC52 /* NavBarView.cpp */,
				CBF06EFA1C5011ED0064CC52 /* RaceView.cpp */,
				CBF06EFB1C5011ED0064CC52 /* RosterView.cpp */,
				CBF06EFC1C5011ED0064CC52 /* SettingsView.cpp */,
			);
			name = views;
			path = ../src/views;
			sourceTree = "<group>";
		};
		CBF06F101C5012070064CC52 /* app */ = {
			isa = PBXGroup;
			children = (
				CBF06F111C5012070064CC52 /* GFXMain.h */,
			);
			name = app;
			path = ../include/app;
			sourceTree = "<group>";
		};
		CBF06F131C5012070064CC52 /* data */ = {
			isa = PBXGroup;
			children = (
				CB6D5B762017F9EF008D7EE2 /* CsvLogger.h */,
				CB675BA01FCD16D200AF05DA /* Config.h */,
				CBF06F151C5012070064CC52 /* Model.h */,
				CBF06F161C5012070064CC52 /* PlayerData.h */,
				CBF06F171C5012070064CC52 /* SerialReader.h */,
				CBF06F181C5012070064CC52 /* StateManager.h */,
			);
			name = data;
			path = ../include/data;
			sourceTree = "<group>";
		};
		CBF06F191C5012070064CC52 /* ui */ = {
			isa = PBXGroup;
			children = (
				CBF0F74E1FBD3FC200421F89 /* CheckBox.h */,
				CB39FC902048B5E4003ABCB5 /* DropDown.h */,
				CB37B37C1E296064009FC93A /* BaseButton.h */,
				CB37B37D1E296064009FC93A /* CiTextField.h */,
				CB37B37E1E296064009FC93A /* CountDownGfx.h */,
				CB37B37F1E296064009FC93A /* NumStepper.h */,
				CB37B3811E296064009FC93A /* RaceText.h */,
				CB37B3821E296064009FC93A /* StartStopButton.h */,
				CB37B3831E296064009FC93A /* ThickLine.h */,
				CB675B9F1FCB5A3E00AF05DA /* ToggleBtn.h */,
				CB37B3841E296064009FC93A /* WinnerModal.h */,
			);
			name = ui;
			path = ../include/ui;
			sourceTree = "<group>";
		};
		CBF06F231C5012070064CC52 /* views */ = {
			isa = PBXGroup;
			children = (
				CBF06F241C5012070064CC52 /* NavBarView.h */,
				CBF06F251C5012070064CC52 /* RaceView.h */,
				CBF06F261C5012070064CC52 /* RosterView.h */,
				CBF06F271C5012070064CC52 /* SettingsView.h */,
			);
			name = views;
			path = ../include/views;
			sourceTree = "<group>";
		};
/* End PBXGroup section */

/* Begin PBXNativeTarget section */
		8D1107260486CEB800E47090 /* SilverSprint */ = {
			isa = PBXNativeTarget;
			buildConfigurationList = C01FCF4A08A954540054247B /* Build configuration list for PBXNativeTarget "SilverSprint" */;
			buildPhases = (
				8D1107290486CEB800E47090 /* Resources */,
				8D11072C0486CEB800E47090 /* Sources */,
				8D11072E0486CEB800E47090 /* Frameworks */,
			);
			buildRules = (
			);
			dependencies = (
			);
			name = SilverSprint;
			productInstallPath = "$(HOME)/Applications";
			productName = SilverSprint;
			productReference = 8D1107320486CEB800E47090 /* SilverSprint.app */;
			productType = "com.apple.product-type.application";
		};
/* End PBXNativeTarget section */

/* Begin PBXProject section */
		29B97313FDCFA39411CA2CEA /* Project object */ = {
			isa = PBXProject;
			attributes = {
				LastUpgradeCheck = 1000;
			};
			buildConfigurationList = C01FCF4E08A954540054247B /* Build configuration list for PBXProject "SilverSprint" */;
			compatibilityVersion = "Xcode 3.2";
			developmentRegion = English;
			hasScannedForEncodings = 1;
			knownRegions = (
				English,
				Japanese,
				French,
				German,
			);
			mainGroup = 29B97314FDCFA39411CA2CEA /* SilverSprint */;
			projectDirPath = "";
			projectRoot = "";
			targets = (
				8D1107260486CEB800E47090 /* SilverSprint */,
			);
		};
/* End PBXProject section */

/* Begin PBXResourcesBuildPhase section */
		8D1107290486CEB800E47090 /* Resources */ = {
			isa = PBXResourcesBuildPhase;
			buildActionMask = 2147483647;
			files = (
				036291EBBB274D178BE12B43 /* CinderApp.icns in Resources */,
				CB37B3861E297897009FC93A /* ssIcn.icns in Resources */,
			);
			runOnlyForDeploymentPostprocessing = 0;
		};
/* End PBXResourcesBuildPhase section */

/* Begin PBXSourcesBuildPhase section */
		8D11072C0486CEB800E47090 /* Sources */ = {
			isa = PBXSourcesBuildPhase;
			buildActionMask = 2147483647;
			files = (
				CBF06F0C1C5011ED0064CC52 /* NavBarView.cpp in Sources */,
				CBF0F7501FBD3FCE00421F89 /* CheckBox.cpp in Sources */,
				CBF06F051C5011ED0064CC52 /* CountDownGfx.cpp in Sources */,
				CBF06F021C5011ED0064CC52 /* StateManager.cpp in Sources */,
				CBF06F081C5011ED0064CC52 /* RaceText.cpp in Sources */,
				CBF06F061C5011ED0064CC52 /* NumStepper.cpp in Sources */,
				CB202BAB1E40FC9C00E79AF7 /* list_ports_linux.cc in Sources */,
				CB202BAE1E40FC9C00E79AF7 /* unix.cc in Sources */,
				CB49AA221E44F1A300820D70 /* ParticleSystem.cpp in Sources */,
				CB202BAF1E40FC9C00E79AF7 /* win.cc in Sources */,
				CBF06EFD1C5011ED0064CC52 /* GFXMain.cpp in Sources */,
				CB202BAD1E40FC9C00E79AF7 /* list_ports_win.cc in Sources */,
				CB675B9E1FCB5A3100AF05DA /* ToggleBtn.cpp in Sources */,
				CBF06F0D1C5011ED0064CC52 /* RaceView.cpp in Sources */,
				CBF06F0E1C5011ED0064CC52 /* RosterView.cpp in Sources */,
				CB202BB11E40FC9C00E79AF7 /* SerialDevice.cpp in Sources */,
				CBF06F0A1C5011ED0064CC52 /* ThickLine.cpp in Sources */,
				CB202BAC1E40FC9C00E79AF7 /* list_ports_osx.cc in Sources */,
				CBF06F0B1C5011ED0064CC52 /* WinnerModal.cpp in Sources */,
				CB39FC922048B5EE003ABCB5 /* DropDown.cpp in Sources */,
				CBF06F091C5011ED0064CC52 /* StartStopButton.cpp in Sources */,
				CBF06F011C5011ED0064CC52 /* SerialReader.cpp in Sources */,
				CB202BB01E40FC9C00E79AF7 /* serial.cc in Sources */,
				CBF06F001C5011ED0064CC52 /* Model.cpp in Sources */,
				CBF06F031C5011ED0064CC52 /* BaseButton.cpp in Sources */,
				CBF06F041C5011ED0064CC52 /* CiTextField.cpp in Sources */,
				CBF06F0F1C5011ED0064CC52 /* SettingsView.cpp in Sources */,
				CB93D34F2045BE16004D01EA /* SilverSprintsApp.cpp in Sources */,
				CB202BB61E40FCE700E79AF7 /* Osc.cpp in Sources */,
			);
			runOnlyForDeploymentPostprocessing = 0;
		};
/* End PBXSourcesBuildPhase section */

/* Begin XCBuildConfiguration section */
		C01FCF4B08A954540054247B /* Debug */ = {
			isa = XCBuildConfiguration;
			buildSettings = {
				CLANG_ENABLE_OBJC_WEAK = YES;
				COMBINE_HIDPI_IMAGES = YES;
				COPY_PHASE_STRIP = NO;
				DEAD_CODE_STRIPPING = YES;
				GCC_DYNAMIC_NO_PIC = NO;
				GCC_INLINES_ARE_PRIVATE_EXTERN = YES;
				GCC_OPTIMIZATION_LEVEL = 0;
				GCC_PRECOMPILE_PREFIX_HEADER = YES;
				GCC_PREFIX_HEADER = SilverSprint_Prefix.pch;
				GCC_PREPROCESSOR_DEFINITIONS = (
					"DEBUG=1",
					"$(inherited)",
				);
				GCC_SYMBOLS_PRIVATE_EXTERN = NO;
				INFOPLIST_FILE = Info.plist;
				INSTALL_PATH = "$(HOME)/Applications";
				OTHER_LDFLAGS = "\"$(CINDER_PATH)/lib/macosx/$(CONFIGURATION)/libcinder.a\"";
				PRODUCT_BUNDLE_IDENTIFIER = "org.libcinder.${PRODUCT_NAME:rfc1034identifier}";
				PRODUCT_NAME = SilverSprint;
				SYMROOT = ./build;
				WRAPPER_EXTENSION = app;
			};
			name = Debug;
		};
		C01FCF4C08A954540054247B /* Release */ = {
			isa = XCBuildConfiguration;
			buildSettings = {
				CLANG_ENABLE_OBJC_WEAK = YES;
				COMBINE_HIDPI_IMAGES = YES;
				DEAD_CODE_STRIPPING = YES;
				DEBUG_INFORMATION_FORMAT = "dwarf-with-dsym";
				GCC_FAST_MATH = YES;
				GCC_GENERATE_DEBUGGING_SYMBOLS = NO;
				GCC_INLINES_ARE_PRIVATE_EXTERN = YES;
				GCC_OPTIMIZATION_LEVEL = 3;
				GCC_PRECOMPILE_PREFIX_HEADER = YES;
				GCC_PREFIX_HEADER = SilverSprint_Prefix.pch;
				GCC_PREPROCESSOR_DEFINITIONS = (
					"NDEBUG=1",
					"$(inherited)",
				);
				GCC_SYMBOLS_PRIVATE_EXTERN = NO;
				INFOPLIST_FILE = Info.plist;
				INSTALL_PATH = "$(HOME)/Applications";
				OTHER_LDFLAGS = "\"$(CINDER_PATH)/lib/macosx/$(CONFIGURATION)/libcinder.a\"";
				PRODUCT_BUNDLE_IDENTIFIER = "org.libcinder.${PRODUCT_NAME:rfc1034identifier}";
				PRODUCT_NAME = SilverSprint;
				STRIP_INSTALLED_PRODUCT = YES;
				SYMROOT = ./build;
				WRAPPER_EXTENSION = app;
			};
			name = Release;
		};
		C01FCF4F08A954540054247B /* Debug */ = {
			isa = XCBuildConfiguration;
			buildSettings = {
				ALWAYS_SEARCH_USER_PATHS = NO;
				CINDER_PATH = "../../..//libs/Cinder";
				CLANG_ANALYZER_LOCALIZABILITY_NONLOCALIZED = YES;
				CLANG_CXX_LANGUAGE_STANDARD = "c++11";
				CLANG_CXX_LIBRARY = "libc++";
				CLANG_WARN_BLOCK_CAPTURE_AUTORELEASING = YES;
				CLANG_WARN_BOOL_CONVERSION = YES;
				CLANG_WARN_COMMA = YES;
				CLANG_WARN_CONSTANT_CONVERSION = YES;
				CLANG_WARN_DEPRECATED_OBJC_IMPLEMENTATIONS = YES;
				CLANG_WARN_EMPTY_BODY = YES;
				CLANG_WARN_ENUM_CONVERSION = YES;
				CLANG_WARN_INFINITE_RECURSION = YES;
				CLANG_WARN_INT_CONVERSION = YES;
				CLANG_WARN_NON_LITERAL_NULL_CONVERSION = YES;
				CLANG_WARN_OBJC_IMPLICIT_RETAIN_SELF = YES;
				CLANG_WARN_OBJC_LITERAL_CONVERSION = YES;
				CLANG_WARN_RANGE_LOOP_ANALYSIS = YES;
				CLANG_WARN_STRICT_PROTOTYPES = YES;
				CLANG_WARN_SUSPICIOUS_MOVE = YES;
				CLANG_WARN_UNREACHABLE_CODE = YES;
				CLANG_WARN__DUPLICATE_METHOD_MATCH = YES;
				ENABLE_STRICT_OBJC_MSGSEND = YES;
				ENABLE_TESTABILITY = YES;
				GCC_NO_COMMON_BLOCKS = YES;
				GCC_WARN_64_TO_32_BIT_CONVERSION = YES;
				GCC_WARN_ABOUT_RETURN_TYPE = YES;
				GCC_WARN_UNDECLARED_SELECTOR = YES;
				GCC_WARN_UNINITIALIZED_AUTOS = YES;
				GCC_WARN_UNUSED_FUNCTION = YES;
				GCC_WARN_UNUSED_VARIABLE = YES;
				HEADER_SEARCH_PATHS = (
					"\"$(CINDER_PATH)/include\"",
					../blocks/Serial/lib/serial/include,
				);
				MACOSX_DEPLOYMENT_TARGET = 10.8;
				ONLY_ACTIVE_ARCH = YES;
				SDKROOT = macosx;
				USER_HEADER_SEARCH_PATHS = "\"$(CINDER_PATH)/include\" ../include ../blocks/OSC/src/cinder/osc ../blocks/Serial/lib/serial/include/serial ../blocks/Serial/lib/serial/include ../blocks/Serial/include ../blocks/Sharkbox/";
			};
			name = Debug;
		};
		C01FCF5008A954540054247B /* Release */ = {
			isa = XCBuildConfiguration;
			buildSettings = {
				ALWAYS_SEARCH_USER_PATHS = NO;
				CINDER_PATH = "../../..//libs/Cinder";
				CLANG_ANALYZER_LOCALIZABILITY_NONLOCALIZED = YES;
				CLANG_CXX_LANGUAGE_STANDARD = "c++11";
				CLANG_CXX_LIBRARY = "libc++";
				CLANG_WARN_BLOCK_CAPTURE_AUTORELEASING = YES;
				CLANG_WARN_BOOL_CONVERSION = YES;
				CLANG_WARN_COMMA = YES;
				CLANG_WARN_CONSTANT_CONVERSION = YES;
				CLANG_WARN_DEPRECATED_OBJC_IMPLEMENTATIONS = YES;
				CLANG_WARN_EMPTY_BODY = YES;
				CLANG_WARN_ENUM_CONVERSION = YES;
				CLANG_WARN_INFINITE_RECURSION = YES;
				CLANG_WARN_INT_CONVERSION = YES;
				CLANG_WARN_NON_LITERAL_NULL_CONVERSION = YES;
				CLANG_WARN_OBJC_IMPLICIT_RETAIN_SELF = YES;
				CLANG_WARN_OBJC_LITERAL_CONVERSION = YES;
				CLANG_WARN_RANGE_LOOP_ANALYSIS = YES;
				CLANG_WARN_STRICT_PROTOTYPES = YES;
				CLANG_WARN_SUSPICIOUS_MOVE = YES;
				CLANG_WARN_UNREACHABLE_CODE = YES;
				CLANG_WARN__DUPLICATE_METHOD_MATCH = YES;
				ENABLE_STRICT_OBJC_MSGSEND = YES;
				GCC_NO_COMMON_BLOCKS = YES;
				GCC_WARN_64_TO_32_BIT_CONVERSION = YES;
				GCC_WARN_ABOUT_RETURN_TYPE = YES;
				GCC_WARN_UNDECLARED_SELECTOR = YES;
				GCC_WARN_UNINITIALIZED_AUTOS = YES;
				GCC_WARN_UNUSED_FUNCTION = YES;
				GCC_WARN_UNUSED_VARIABLE = YES;
				HEADER_SEARCH_PATHS = (
					"\"$(CINDER_PATH)/include\"",
					../blocks/Serial/lib/serial/include,
				);
				MACOSX_DEPLOYMENT_TARGET = 10.8;
				SDKROOT = macosx;
				USER_HEADER_SEARCH_PATHS = "\"$(CINDER_PATH)/include\" ../include ../blocks/OSC/src/cinder/osc ../blocks/Serial/lib/serial/include/serial ../blocks/Serial/lib/serial/include ../blocks/Serial/include ../blocks/Sharkbox/";
			};
			name = Release;
		};
/* End XCBuildConfiguration section */

/* Begin XCConfigurationList section */
		C01FCF4A08A954540054247B /* Build configuration list for PBXNativeTarget "SilverSprint" */ = {
			isa = XCConfigurationList;
			buildConfigurations = (
				C01FCF4B08A954540054247B /* Debug */,
				C01FCF4C08A954540054247B /* Release */,
			);
			defaultConfigurationIsVisible = 0;
			defaultConfigurationName = Release;
		};
		C01FCF4E08A954540054247B /* Build configuration list for PBXProject "SilverSprint" */ = {
			isa = XCConfigurationList;
			buildConfigurations = (
				C01FCF4F08A954540054247B /* Debug */,
				C01FCF5008A954540054247B /* Release */,
			);
			defaultConfigurationIsVisible = 0;
			defaultConfigurationName = Release;
		};
/* End XCConfigurationList section */
	};
	rootObject = 29B97313FDCFA39411CA2CEA /* Project object */;
}
