<?xml version="1.0" encoding="utf-8"?>
<Project ToolsVersion="4.0" xmlns="http://schemas.microsoft.com/developer/msbuild/2003">
  <ItemGroup>
    <Filter Include="Source Files">
      <UniqueIdentifier>{4FC737F1-C7A5-4376-A066-2A32D752A2FF}</UniqueIdentifier>
      <Extensions>cpp;c;cc;cxx;def;odl;idl;hpj;bat;asm;asmx</Extensions>
    </Filter>
    <Filter Include="Header Files">
      <UniqueIdentifier>{93995380-89BD-4b04-88EB-625FBE52EBFB}</UniqueIdentifier>
      <Extensions>h;hpp;hxx;hm;inl;inc;xsd</Extensions>
    </Filter>
    <Filter Include="Resource Files">
      <UniqueIdentifier>{67DA6AB6-F800-4c08-8B7A-83BB121AAD01}</UniqueIdentifier>
      <Extensions>rc;ico;cur;bmp;dlg;rc2;rct;bin;rgs;gif;jpg;jpeg;jpe;resx;tiff;tif;png;wav</Extensions>
    </Filter>
    <Filter Include="Blocks">
      <UniqueIdentifier>{00B8F5B6-DB21-4A6C-AEC0-2D23C2A608BF}</UniqueIdentifier>
    </Filter>
    <Filter Include="Blocks\OSC">
      <UniqueIdentifier>{B44C1FE8-9515-4FC5-ABD1-B6134A681F8C}</UniqueIdentifier>
    </Filter>
    <Filter Include="Blocks\OSC\src">
      <UniqueIdentifier>{4F362A3B-874F-4EEA-B7B6-116B9CA8A7B3}</UniqueIdentifier>
    </Filter>
    <Filter Include="Blocks\OSC\src\cinder">
      <UniqueIdentifier>{A428A53B-06EA-4A89-ABC8-611C81BA4664}</UniqueIdentifier>
    </Filter>
    <Filter Include="Blocks\OSC\src\cinder\osc">
      <UniqueIdentifier>{AEFCD41F-6554-4761-BB4D-DF56B1A45EAF}</UniqueIdentifier>
    </Filter>
    <Filter Include="Source Files\app">
      <UniqueIdentifier>{7140e04c-d7a4-446f-a9a4-db03a41ed380}</UniqueIdentifier>
    </Filter>
    <Filter Include="Source Files\data">
      <UniqueIdentifier>{6c2859b8-22b7-4539-9add-3bfdef931c12}</UniqueIdentifier>
    </Filter>
    <Filter Include="Source Files\ui">
      <UniqueIdentifier>{d3be3c32-bd55-4108-86fe-8668fedec33d}</UniqueIdentifier>
    </Filter>
    <Filter Include="Source Files\views">
      <UniqueIdentifier>{13105796-52fc-4c77-8276-07203aed94d6}</UniqueIdentifier>
    </Filter>
    <Filter Include="Header Files\app">
      <UniqueIdentifier>{034e21a4-7507-48e4-b040-fe1fc0708548}</UniqueIdentifier>
    </Filter>
    <Filter Include="Header Files\data">
      <UniqueIdentifier>{53b2727e-25b5-4372-8f10-a19d1ca55a7d}</UniqueIdentifier>
    </Filter>
    <Filter Include="Header Files\ui">
      <UniqueIdentifier>{fc24353a-a57f-4ca5-95c3-46ce6d808b9c}</UniqueIdentifier>
    </Filter>
    <Filter Include="Header Files\views">
      <UniqueIdentifier>{25bcec98-4ace-4414-afcb-7805a7b8f3c3}</UniqueIdentifier>
    </Filter>
    <Filter Include="Blocks\Serial">
      <UniqueIdentifier>{ef39d9ed-1bfe-475b-bb49-16c5696ec95a}</UniqueIdentifier>
    </Filter>
    <Filter Include="Blocks\Serial\include">
      <UniqueIdentifier>{87776be1-a460-4c21-a6cb-76d4f75054eb}</UniqueIdentifier>
    </Filter>
    <Filter Include="Blocks\Serial\lib">
      <UniqueIdentifier>{7505b85c-f454-45e1-9b35-3a7a1e3aa170}</UniqueIdentifier>
    </Filter>
    <Filter Include="Blocks\Serial\src">
      <UniqueIdentifier>{5bcb1d41-7f6d-40cc-a84c-6bffbce716a6}</UniqueIdentifier>
    </Filter>
    <Filter Include="Blocks\Serial\lib\serial">
      <UniqueIdentifier>{6988e15b-787f-4a76-8211-20a189e2b28a}</UniqueIdentifier>
    </Filter>
    <Filter Include="Blocks\Serial\lib\serial\include">
      <UniqueIdentifier>{52a2d284-9c99-4c6a-b5af-c2999e14fd32}</UniqueIdentifier>
    </Filter>
    <Filter Include="Blocks\Serial\lib\serial\include\serial">
      <UniqueIdentifier>{53604dd6-c005-4c72-8887-3ce37931742b}</UniqueIdentifier>
    </Filter>
    <Filter Include="Blocks\Serial\lib\serial\include\serial\impl">
      <UniqueIdentifier>{5034a547-9ce4-467d-8d9a-85937ed3edc3}</UniqueIdentifier>
    </Filter>
    <Filter Include="Blocks\Serial\lib\serial\src">
      <UniqueIdentifier>{41b6e246-db94-45e1-93a6-748da133312e}</UniqueIdentifier>
    </Filter>
    <Filter Include="Blocks\Serial\lib\serial\src\impl">
      <UniqueIdentifier>{73598341-a206-4557-8d7b-39bc5b0679f8}</UniqueIdentifier>
    </Filter>
    <Filter Include="Blocks\Serial\lib\serial\src\impl\list_ports">
      <UniqueIdentifier>{be5c9b2b-3120-4419-b92c-584404c3414f}</UniqueIdentifier>
    </Filter>
    <Filter Include="Blocks\ParticleSystem">
      <UniqueIdentifier>{2b927335-a270-497e-9020-3b8325fe521d}</UniqueIdentifier>
    </Filter>
  </ItemGroup>
  <ItemGroup>
    <ClCompile Include="..\src\SilverSprintApp.cpp">
      <Filter>Source Files</Filter>
    </ClCompile>
    <ClCompile Include="..\src\SilverSprintApp.cpp">
      <Filter>Source Files</Filter>
    </ClCompile>
    <ClInclude Include="..\include\Resources.h">
      <Filter>Header Files</Filter>
    </ClInclude>
    <ClCompile Include="..\blocks\OSC\src\cinder\osc\Osc.cpp">
      <Filter>Blocks\OSC\src\cinder\osc</Filter>
    </ClCompile>
    <ClInclude Include="..\blocks\OSC\src\cinder\osc\Osc.h">
      <Filter>Blocks\OSC\src\cinder\osc</Filter>
    </ClInclude>
    <ClCompile Include="..\src\app\GFXMain.cpp">
      <Filter>Source Files\app</Filter>
    </ClCompile>
    <ClCompile Include="..\src\data\GFXGlobal.cpp">
      <Filter>Source Files\data</Filter>
    </ClCompile>
    <ClCompile Include="..\src\data\Model.cpp">
      <Filter>Source Files\data</Filter>
    </ClCompile>
    <ClCompile Include="..\src\data\SerialReader.cpp">
      <Filter>Source Files\data</Filter>
    </ClCompile>
    <ClCompile Include="..\src\data\StateManager.cpp">
      <Filter>Source Files\data</Filter>
    </ClCompile>
    <ClCompile Include="..\src\ui\BaseButton.cpp">
      <Filter>Source Files\ui</Filter>
    </ClCompile>
    <ClCompile Include="..\src\ui\CiTextField.cpp">
      <Filter>Source Files\ui</Filter>
    </ClCompile>
    <ClCompile Include="..\src\ui\CountDownGfx.cpp">
      <Filter>Source Files\ui</Filter>
    </ClCompile>
    <ClCompile Include="..\src\ui\NumStepper.cpp">
      <Filter>Source Files\ui</Filter>
    </ClCompile>
    <ClCompile Include="..\src\ui\RaceText.cpp">
      <Filter>Source Files\ui</Filter>
    </ClCompile>
    <ClCompile Include="..\src\ui\StartStopButton.cpp">
      <Filter>Source Files\ui</Filter>
    </ClCompile>
    <ClCompile Include="..\src\ui\ThickLine.cpp">
      <Filter>Source Files\ui</Filter>
    </ClCompile>
    <ClCompile Include="..\src\ui\WinnerModal.cpp">
      <Filter>Source Files\ui</Filter>
    </ClCompile>
    <ClCompile Include="..\src\views\NavBarView.cpp">
      <Filter>Source Files\views</Filter>
    </ClCompile>
    <ClCompile Include="..\src\views\RaceView.cpp">
      <Filter>Source Files\views</Filter>
    </ClCompile>
    <ClCompile Include="..\src\views\RosterView.cpp">
      <Filter>Source Files\views</Filter>
    </ClCompile>
    <ClCompile Include="..\src\views\SettingsView.cpp">
      <Filter>Source Files\views</Filter>
    </ClCompile>
    <ClCompile Include="..\blocks\Serial\src\SerialDevice.cpp">
      <Filter>Blocks\Serial\src</Filter>
    </ClCompile>
    <ClCompile Include="..\blocks\Serial\lib\serial\src\serial.cc">
      <Filter>Blocks\Serial\lib\serial\src</Filter>
    </ClCompile>
    <ClCompile Include="..\blocks\Serial\lib\serial\src\impl\list_ports\list_ports_linux.cc">
      <Filter>Blocks\Serial\lib\serial\src\impl\list_ports</Filter>
    </ClCompile>
    <ClCompile Include="..\blocks\Serial\lib\serial\src\impl\list_ports\list_ports_osx.cc">
      <Filter>Blocks\Serial\lib\serial\src\impl\list_ports</Filter>
    </ClCompile>
    <ClCompile Include="..\blocks\Serial\lib\serial\src\impl\list_ports\list_ports_win.cc">
      <Filter>Blocks\Serial\lib\serial\src\impl\list_ports</Filter>
    </ClCompile>
    <ClCompile Include="..\blocks\Serial\lib\serial\src\impl\unix.cc">
      <Filter>Blocks\Serial\lib\serial\src\impl</Filter>
    </ClCompile>
    <ClCompile Include="..\blocks\Serial\lib\serial\src\impl\win.cc">
      <Filter>Blocks\Serial\lib\serial\src\impl</Filter>
    </ClCompile>
    <ClCompile Include="..\blocks\ParticleSystem\ParticleSystem.cpp">
      <Filter>Blocks\ParticleSystem</Filter>
    </ClCompile>
    <ClCompile Include="..\src\ui\ToggleBtn.cpp">
      <Filter>Source Files\ui</Filter>
    </ClCompile>
    <ClCompile Include="..\src\ui\CheckBox.cpp">
      <Filter>Source Files\ui</Filter>
    </ClCompile>
  </ItemGroup>
  <ItemGroup>
    <ClInclude Include="..\include\Resources.h">
      <Filter>Header Files</Filter>
    </ClInclude>
    <ClInclude Include="..\include\app\GFXMain.h">
      <Filter>Header Files\app</Filter>
    </ClInclude>
    <ClInclude Include="..\include\data\GFXGlobal.h">
      <Filter>Header Files\data</Filter>
    </ClInclude>
    <ClInclude Include="..\include\data\Model.h">
      <Filter>Header Files\data</Filter>
    </ClInclude>
    <ClInclude Include="..\include\data\PlayerData.h">
      <Filter>Header Files\data</Filter>
    </ClInclude>
    <ClInclude Include="..\include\data\SerialReader.h">
      <Filter>Header Files\data</Filter>
    </ClInclude>
    <ClInclude Include="..\include\data\StateManager.h">
      <Filter>Header Files\data</Filter>
    </ClInclude>
    <ClInclude Include="..\include\ui\BaseButton.h">
      <Filter>Header Files\ui</Filter>
    </ClInclude>
    <ClInclude Include="..\include\ui\CiTextField.h">
      <Filter>Header Files\ui</Filter>
    </ClInclude>
    <ClInclude Include="..\include\ui\CountDownGfx.h">
      <Filter>Header Files\ui</Filter>
    </ClInclude>
    <ClInclude Include="..\include\ui\NumStepper.h">
      <Filter>Header Files\ui</Filter>
    </ClInclude>
    <ClInclude Include="..\include\ui\RaceText.h">
      <Filter>Header Files\ui</Filter>
    </ClInclude>
    <ClInclude Include="..\include\ui\StartStopButton.h">
      <Filter>Header Files\ui</Filter>
    </ClInclude>
    <ClInclude Include="..\include\ui\ThickLine.h">
      <Filter>Header Files\ui</Filter>
    </ClInclude>
    <ClInclude Include="..\include\ui\WinnerModal.h">
      <Filter>Header Files\ui</Filter>
    </ClInclude>
    <ClInclude Include="..\include\views\NavBarView.h">
      <Filter>Header Files\views</Filter>
    </ClInclude>
    <ClInclude Include="..\include\views\RaceView.h">
      <Filter>Header Files\views</Filter>
    </ClInclude>
    <ClInclude Include="..\include\views\RosterView.h">
      <Filter>Header Files\views</Filter>
    </ClInclude>
    <ClInclude Include="..\include\views\SettingsView.h">
      <Filter>Header Files\views</Filter>
    </ClInclude>
    <ClInclude Include="..\blocks\Serial\include\Cinder-Serial.h">
      <Filter>Blocks\Serial\include</Filter>
    </ClInclude>
    <ClInclude Include="..\blocks\Serial\include\SerialDevice.h">
      <Filter>Blocks\Serial\include</Filter>
    </ClInclude>
    <ClInclude Include="..\blocks\Serial\lib\serial\include\serial\impl\unix.h">
      <Filter>Blocks\Serial\lib\serial\include\serial\impl</Filter>
    </ClInclude>
    <ClInclude Include="..\blocks\Serial\lib\serial\include\serial\impl\win.h">
      <Filter>Blocks\Serial\lib\serial\include\serial\impl</Filter>
    </ClInclude>
    <ClInclude Include="..\blocks\Serial\lib\serial\include\serial\serial.h">
      <Filter>Blocks\Serial\lib\serial\include\serial</Filter>
    </ClInclude>
    <ClInclude Include="..\blocks\Serial\lib\serial\include\serial\v8stdint.h">
      <Filter>Blocks\Serial\lib\serial\include\serial</Filter>
    </ClInclude>
    <ClInclude Include="..\blocks\ParticleSystem\ParticleSystem.h">
      <Filter>Blocks\ParticleSystem</Filter>
    </ClInclude>
    <ClInclude Include="..\include\ui\ToggleBtn.h">
      <Filter>Header Files\ui</Filter>
    </ClInclude>
    <ClInclude Include="..\include\ui\CheckBox.h">
      <Filter>Header Files\ui</Filter>
    </ClInclude>
    <ClInclude Include="..\include\Version.h">
      <Filter>Header Files</Filter>
    </ClInclude>
  </ItemGroup>
  <ItemGroup>
    <ResourceCompile Include="Resources.rc">
      <Filter>Resource Files</Filter>
    </ResourceCompile>
  </ItemGroup>
</Project>